DEPENDENCIES
  android-sdk
    path: cookbooks/android-sdk
  android-studio
    path: cookbooks/android-studio
  aws
    path: cookbooks/aws
  base16-shell
    path: cookbooks/base16-shell
  base16-vim
    path: cookbooks/base16-vim
  bash
    path: cookbooks/bash
  bash-git-prompt
    path: cookbooks/bash-git-prompt
  blender
    path: cookbooks/blender
  chefdk
    path: cookbooks/chefdk
  chrome
    path: cookbooks/chrome
  development
    path: cookbooks/development
  docker
    path: cookbooks/docker
  dropbox
    path: cookbooks/dropbox
  filezilla
    path: cookbooks/filezilla
  gimp
    path: cookbooks/gimp
  git
    path: cookbooks/git
  gsettings
    path: cookbooks/gsettings
  helios
    path: cookbooks/helios
  homebrew
    git: https://github.com/pghalliday-cookbooks/homebrew.git
    revision: 03581102829ab6da02392fcf8189d5ab8510c0ed
  java
    path: cookbooks/java
  keepass2
    path: cookbooks/keepass2
  libertyglobal
    path: cookbooks/libertyglobal
  meld
    path: cookbooks/meld
  minicom
    path: cookbooks/minicom
  nodejs
    path: cookbooks/nodejs
  plex
    path: cookbooks/plex
  project
    path: cookbooks/project
  python
    path: cookbooks/python
  r
    path: cookbooks/r
  remmina
    path: cookbooks/remmina
  ruby
    path: cookbooks/ruby
  rust
    path: cookbooks/rust
  s3_file
    path: cookbooks/s3_file
  skype
    path: cookbooks/skype
  snx
    path: cookbooks/snx
  ssh
    path: cookbooks/ssh
  syntastic
    path: cookbooks/syntastic
  theme
    path: cookbooks/theme
  tmux
    path: cookbooks/tmux
  tmuxinator
    path: cookbooks/tmuxinator
  tmuxomatic
    path: cookbooks/tmuxomatic
  vagrant
    path: cookbooks/vagrant
  vim
    path: cookbooks/vim
  vim-markdown
    path: cookbooks/vim-markdown
  virtualbox
    path: cookbooks/virtualbox
  vlc
    path: cookbooks/vlc
  vmware-workstation
    path: cookbooks/vmware-workstation
  workstation
    path: cookbooks/workstation

GRAPH
  android-sdk (0.1.0)
  android-studio (0.1.0)
  apt (2.7.0)
  aws (0.1.0)
    bash (>= 0.0.0)
  base16-shell (0.1.0)
    bash (>= 0.0.0)
  base16-vim (0.1.0)
    vim (>= 0.0.0)
  bash (0.1.0)
  bash-git-prompt (0.1.0)
    bash (>= 0.0.0)
  blender (0.1.0)
    apt (>= 0.0.0)
  build-essential (2.2.3)
  chefdk (0.1.0)
    bash (>= 0.0.0)
  chrome (0.1.0)
    apt (>= 0.0.0)
  development (0.1.0)
    bash (>= 0.0.0)
    project (>= 0.0.0)
  docker (0.1.0)
    apt (>= 0.0.0)
    bash (>= 0.0.0)
  dropbox (0.1.0)
    apt (>= 0.0.0)
  filezilla (0.1.0)
  gimp (0.1.0)
    apt (>= 0.0.0)
  git (0.1.0)
  gsettings (0.1.0)
  helios (0.1.0)
    bash (>= 0.0.0)
    project (>= 0.0.0)
    tmuxomatic (>= 0.0.0)
  homebrew (1.12.0)
    build-essential (>= 2.1.2)
  java (0.1.0)
    bash (>= 0.0.0)
  keepass2 (0.1.0)
  libertyglobal (0.1.0)
    bash (>= 0.0.0)
    project (>= 0.0.0)
  meld (0.1.0)
    git (>= 0.0.0)
  minicom (0.1.0)
    bash (>= 0.0.0)
  nodejs (0.1.0)
    apt (>= 0.0.0)
  plex (0.1.0)
    apt (>= 0.0.0)
  project (0.1.0)
    bash (>= 0.0.0)
    git (>= 0.0.0)
    tmuxomatic (>= 0.0.0)
  python (0.1.0)
  r (0.1.0)
    apt (>= 0.0.0)
  remmina (0.1.0)
    apt (>= 0.0.0)
  ruby (0.1.0)
  rust (0.1.0)
    build-essential (>= 0.0.0)
  s3_file (0.1.0)
  skype (0.1.0)
  snx (0.1.0)
    bash (>= 0.0.0)
  ssh (0.1.0)
    s3_file (>= 0.0.0)
  syntastic (0.1.0)
    vim (>= 0.0.0)
  theme (0.1.0)
    apt (>= 0.0.0)
    gsettings (>= 0.0.0)
  tmux (0.1.0)
    bash (>= 0.0.0)
  tmuxinator (0.1.0)
    bash (>= 0.0.0)
    ruby (>= 0.0.0)
  tmuxomatic (0.1.0)
    bash (>= 0.0.0)
    git (>= 0.0.0)
  vagrant (0.1.0)
  vim (0.1.0)
    bash (>= 0.0.0)
  vim-markdown (0.1.0)
    vim (>= 0.0.0)
  virtualbox (0.1.0)
  vlc (0.1.0)
  vmware-workstation (0.1.0)
    s3_file (>= 0.0.0)
  workstation (0.1.0)
    android-sdk (>= 0.0.0)
    android-studio (>= 0.0.0)
    apt (>= 0.0.0)
    aws (>= 0.0.0)
    base16-shell (>= 0.0.0)
    base16-vim (>= 0.0.0)
    bash (>= 0.0.0)
    bash-git-prompt (>= 0.0.0)
    blender (>= 0.0.0)
    chefdk (>= 0.0.0)
    chrome (>= 0.0.0)
    development (>= 0.0.0)
    docker (>= 0.0.0)
    dropbox (>= 0.0.0)
    filezilla (>= 0.0.0)
    gimp (>= 0.0.0)
    git (>= 0.0.0)
    gsettings (>= 0.0.0)
    helios (>= 0.0.0)
    homebrew (>= 0.0.0)
    java (>= 0.0.0)
    keepass2 (>= 0.0.0)
    libertyglobal (>= 0.0.0)
    meld (>= 0.0.0)
    minicom (>= 0.0.0)
    nodejs (>= 0.0.0)
    plex (>= 0.0.0)
    python (>= 0.0.0)
    r (>= 0.0.0)
    remmina (>= 0.0.0)
    ruby (>= 0.0.0)
    rust (>= 0.0.0)
    skype (>= 0.0.0)
    snx (>= 0.0.0)
    ssh (>= 0.0.0)
    syntastic (>= 0.0.0)
    theme (>= 0.0.0)
    tmux (>= 0.0.0)
    tmuxinator (>= 0.0.0)
    tmuxomatic (>= 0.0.0)
    vagrant (>= 0.0.0)
    vim (>= 0.0.0)
    vim-markdown (>= 0.0.0)
    virtualbox (>= 0.0.0)
    vlc (>= 0.0.0)
