DEPENDENCIES
  base16-shell
    path: src/cookbooks/base16-shell
  base16-vim
    path: src/cookbooks/base16-vim
  bash
    path: src/cookbooks/bash
  bash-git-prompt
    path: src/cookbooks/bash-git-prompt
  chefdk
    path: src/cookbooks/chefdk
  chrome
    path: src/cookbooks/chrome
  development
    path: src/cookbooks/development
  docker
    path: src/cookbooks/docker
  dropbox
    path: src/cookbooks/dropbox
  filezilla
    path: src/cookbooks/filezilla
  git
    path: src/cookbooks/git
  gsettings
    path: src/cookbooks/gsettings
  helios
    path: src/cookbooks/helios
  keepass2
    path: src/cookbooks/keepass2
  libertyglobal
    path: src/cookbooks/libertyglobal
  meld
    path: src/cookbooks/meld
  minicom
    path: src/cookbooks/minicom
  nodejs
    path: src/cookbooks/nodejs
  project
    path: src/cookbooks/project
  r
    path: src/cookbooks/r
  ruby
    path: src/cookbooks/ruby
  s3_file
    path: src/cookbooks/s3_file
  skype
    path: src/cookbooks/skype
  snx
    path: src/cookbooks/snx
  syntastic
    path: src/cookbooks/syntastic
  theme
    path: src/cookbooks/theme
  tmux
    path: src/cookbooks/tmux
  tmuxomatic
    path: src/cookbooks/tmuxomatic
  travis
    path: src/cookbooks/travis
  vagrant
    path: src/cookbooks/vagrant
  vim
    path: src/cookbooks/vim
  virtualbox
    path: src/cookbooks/virtualbox
  vmware-workstation
    path: src/cookbooks/vmware-workstation
  workstation
    path: src/cookbooks/workstation

GRAPH
  apt (2.6.1)
  base16-shell (0.1.0)
    bash (>= 0.0.0)
  base16-vim (0.1.0)
    vim (>= 0.0.0)
  bash (0.1.0)
  bash-git-prompt (0.1.0)
    bash (>= 0.0.0)
  chefdk (0.1.0)
    bash (>= 0.0.0)
  chrome (0.1.0)
    apt (>= 0.0.0)
  development (0.1.0)
    bash (>= 0.0.0)
    project (>= 0.0.0)
  docker (0.1.0)
  dropbox (0.1.0)
    apt (>= 0.0.0)
  filezilla (0.1.0)
  git (0.1.0)
  gsettings (0.1.0)
  helios (0.1.0)
    bash (>= 0.0.0)
    project (>= 0.0.0)
    tmuxomatic (>= 0.0.0)
  keepass2 (0.1.0)
  libertyglobal (0.1.0)
    bash (>= 0.0.0)
    project (>= 0.0.0)
  meld (0.1.0)
    git (>= 0.0.0)
  minicom (0.1.0)
    bash (>= 0.0.0)
  nodejs (0.1.0)
    apt (>= 0.0.0)
  project (0.1.0)
    bash (>= 0.0.0)
    git (>= 0.0.0)
    tmuxomatic (>= 0.0.0)
  r (0.1.0)
    apt (>= 0.0.0)
  ruby (0.1.0)
  s3_file (0.1.0)
  skype (0.1.0)
  snx (0.1.0)
    bash (>= 0.0.0)
  syntastic (0.1.0)
    vim (>= 0.0.0)
  theme (0.1.0)
    apt (>= 0.0.0)
    gsettings (>= 0.0.0)
  tmux (0.1.0)
    bash (>= 0.0.0)
  tmuxomatic (0.1.0)
    bash (>= 0.0.0)
  travis (0.1.0)
  vagrant (0.1.0)
  vim (0.1.0)
  virtualbox (0.1.0)
  vmware-workstation (0.1.0)
    s3_file (>= 0.0.0)
  workstation (0.1.0)
    apt (>= 0.0.0)
    base16-shell (>= 0.0.0)
    base16-vim (>= 0.0.0)
    bash (>= 0.0.0)
    bash-git-prompt (>= 0.0.0)
    chefdk (>= 0.0.0)
    chrome (>= 0.0.0)
    development (>= 0.0.0)
    docker (>= 0.0.0)
    dropbox (>= 0.0.0)
    filezilla (>= 0.0.0)
    git (>= 0.0.0)
    helios (>= 0.0.0)
    keepass2 (>= 0.0.0)
    libertyglobal (>= 0.0.0)
    meld (>= 0.0.0)
    minicom (>= 0.0.0)
    nodejs (>= 0.0.0)
    r (>= 0.0.0)
    ruby (>= 0.0.0)
    skype (>= 0.0.0)
    snx (>= 0.0.0)
    syntastic (>= 0.0.0)
    theme (>= 0.0.0)
    tmux (>= 0.0.0)
    tmuxomatic (>= 0.0.0)
    travis (>= 0.0.0)
    vagrant (>= 0.0.0)
    vim (>= 0.0.0)
    virtualbox (>= 0.0.0)
    vmware-workstation (>= 0.0.0)
