DEPENDENCIES
  base16-shell
    path: cookbooks/base16-shell
  base16-vim
    path: cookbooks/base16-vim
  bash
    path: cookbooks/bash
  bash-git-prompt
    path: cookbooks/bash-git-prompt
  blender
    path: cookbooks/blender
  chefdk
    path: cookbooks/chefdk
  chrome
    path: cookbooks/chrome
  development
    path: cookbooks/development
  docker
    path: cookbooks/docker
  dropbox
    path: cookbooks/dropbox
  filezilla
    path: cookbooks/filezilla
  gimp
    path: cookbooks/gimp
  git
    path: cookbooks/git
  gsettings
    path: cookbooks/gsettings
  helios
    path: cookbooks/helios
  keepass2
    path: cookbooks/keepass2
  libertyglobal
    path: cookbooks/libertyglobal
  meld
    path: cookbooks/meld
  minicom
    path: cookbooks/minicom
  nodejs
    path: cookbooks/nodejs
  project
    path: cookbooks/project
  r
    path: cookbooks/r
  remmina
    path: cookbooks/remmina
  ruby
    path: cookbooks/ruby
  s3_file
    path: cookbooks/s3_file
  skype
    path: cookbooks/skype
  snx
    path: cookbooks/snx
  ssh
    path: cookbooks/ssh
  syntastic
    path: cookbooks/syntastic
  theme
    path: cookbooks/theme
  tmux
    path: cookbooks/tmux
  tmuxomatic
    path: cookbooks/tmuxomatic
  vagrant
    path: cookbooks/vagrant
  vim
    path: cookbooks/vim
  virtualbox
    path: cookbooks/virtualbox
  vmware-workstation
    path: cookbooks/vmware-workstation
  workstation
    path: cookbooks/workstation

GRAPH
  apt (2.6.1)
  base16-shell (0.1.0)
    bash (>= 0.0.0)
  base16-vim (0.1.0)
    vim (>= 0.0.0)
  bash (0.1.0)
  bash-git-prompt (0.1.0)
    bash (>= 0.0.0)
  blender (0.1.0)
    apt (>= 0.0.0)
  chefdk (0.1.0)
    bash (>= 0.0.0)
  chrome (0.1.0)
    apt (>= 0.0.0)
  development (0.1.0)
    bash (>= 0.0.0)
    project (>= 0.0.0)
  docker (0.1.0)
  dropbox (0.1.0)
    apt (>= 0.0.0)
  filezilla (0.1.0)
  gimp (0.1.0)
    apt (>= 0.0.0)
  git (0.1.0)
  gsettings (0.1.0)
  helios (0.1.0)
    bash (>= 0.0.0)
    project (>= 0.0.0)
    tmuxomatic (>= 0.0.0)
  keepass2 (0.1.0)
  libertyglobal (0.1.0)
    bash (>= 0.0.0)
    project (>= 0.0.0)
  meld (0.1.0)
    git (>= 0.0.0)
  minicom (0.1.0)
    bash (>= 0.0.0)
  nodejs (0.1.0)
    apt (>= 0.0.0)
  project (0.1.0)
    bash (>= 0.0.0)
    git (>= 0.0.0)
    tmuxomatic (>= 0.0.0)
  r (0.1.0)
    apt (>= 0.0.0)
  remmina (0.1.0)
    apt (>= 0.0.0)
  ruby (0.1.0)
  s3_file (0.1.0)
  skype (0.1.0)
  snx (0.1.0)
    bash (>= 0.0.0)
  ssh (0.1.0)
    s3_file (>= 0.0.0)
  syntastic (0.1.0)
    vim (>= 0.0.0)
  theme (0.1.0)
    apt (>= 0.0.0)
    gsettings (>= 0.0.0)
  tmux (0.1.0)
    bash (>= 0.0.0)
  tmuxomatic (0.1.0)
    bash (>= 0.0.0)
    git (>= 0.0.0)
  vagrant (0.1.0)
  vim (0.1.0)
    bash (>= 0.0.0)
  virtualbox (0.1.0)
  vmware-workstation (0.1.0)
    s3_file (>= 0.0.0)
  workstation (0.1.0)
    apt (>= 0.0.0)
    base16-shell (>= 0.0.0)
    base16-vim (>= 0.0.0)
    bash (>= 0.0.0)
    bash-git-prompt (>= 0.0.0)
    blender (>= 0.0.0)
    chefdk (>= 0.0.0)
    chrome (>= 0.0.0)
    development (>= 0.0.0)
    docker (>= 0.0.0)
    dropbox (>= 0.0.0)
    filezilla (>= 0.0.0)
    gimp (>= 0.0.0)
    git (>= 0.0.0)
    helios (>= 0.0.0)
    keepass2 (>= 0.0.0)
    libertyglobal (>= 0.0.0)
    meld (>= 0.0.0)
    minicom (>= 0.0.0)
    nodejs (>= 0.0.0)
    r (>= 0.0.0)
    remmina (>= 0.0.0)
    ruby (>= 0.0.0)
    skype (>= 0.0.0)
    snx (>= 0.0.0)
    ssh (>= 0.0.0)
    syntastic (>= 0.0.0)
    theme (>= 0.0.0)
    tmux (>= 0.0.0)
    tmuxomatic (>= 0.0.0)
    vagrant (>= 0.0.0)
    vim (>= 0.0.0)
    virtualbox (>= 0.0.0)
    vmware-workstation (>= 0.0.0)
